
Microsoft Visual Studio Solution File, Format Version 12.00
# Visual Studio Version 16
VisualStudioVersion = 16.0.33801.447
MinimumVisualStudioVersion = 10.0.40219.1
Project("{FAE04EC0-301F-11D3-BF4B-00C04F79EFBC}") = "Vedic_Book_Store", "Vedic_Book_Store\Vedic_Book_Store.csproj", "{B4C6938E-3DFA-4008-8841-E3E3B579CCF1}"
EndProject
Global
	GlobalSection(SolutionConfigurationPlatforms) = preSolution
		Debug|Any CPU = Debug|Any CPU
		Release|Any CPU = Release|Any CPU
	EndGlobalSection
	GlobalSection(ProjectConfigurationPlatforms) = postSolution
		{B4C6938E-3DFA-4008-8841-E3E3B579CCF1}.Debug|Any CPU.ActiveCfg = Debug|Any CPU
		{B4C6938E-3DFA-4008-8841-E3E3B579CCF1}.Debug|Any CPU.Build.0 = Debug|Any CPU
		{B4C6938E-3DFA-4008-8841-E3E3B579CCF1}.Release|Any CPU.ActiveCfg = Release|Any CPU
		{B4C6938E-3DFA-4008-8841-E3E3B579CCF1}.Release|Any CPU.Build.0 = Release|Any CPU
	EndGlobalSection
	GlobalSection(SolutionProperties) = preSolution
		HideSolutionNode = FALSE
	EndGlobalSection
	GlobalSection(ExtensibilityGlobals) = postSolution
		SolutionGuid = {B18A4F0A-C9DF-4182-8512-3974F8CB6B2D}
	EndGlobalSection
EndGlobal
